{
  "name": "frontend",
  "lockfileVersion": 3,
  "requires": true,
  "packages": {
    "": {
      "dependencies": {
        "@tabler/core": "^1.0.0-beta21",
        "@tabler/icons-webfont": "^3.19.0",
        "bootstrap": "^5.3.3"
      }
    },
    "node_modules/@popperjs/core": {
      "version": "2.11.8",
      "resolved": "https://registry.npmjs.org/@popperjs/core/-/core-2.11.8.tgz",
      "integrity": "sha512-P1st0aksCrn9sGZhp8GMYwBnQsbvAWsZAX44oXNNvLHGqAOcoVxmjZiohstwQ7SqKnbR47akdNi+uleWD8+g6A==",
      "license": "MIT",
      "funding": {
        "type": "opencollective",
        "url": "https://opencollective.com/popperjs"
      }
    },
    "node_modules/@tabler/core": {
      "version": "1.0.0-beta21",
      "resolved": "https://registry.npmjs.org/@tabler/core/-/core-1.0.0-beta21.tgz",
      "integrity": "sha512-9ZKu38BScc0eHruhX/SlVDSiXenBFSgBp2WDq6orkuC8J/1yutKDt7CdXuJpBwkiADEk5yqYV31Ku+CnhwOc3Q==",
      "license": "MIT",
      "dependencies": {
        "@popperjs/core": "^2.11.8",
        "@tabler/icons": "^3.14.0",
        "bootstrap": "5.3.3"
      },
      "engines": {
        "node": ">=18"
      },
      "funding": {
        "type": "github",
        "url": "https://github.com/sponsors/codecalm"
      },
      "peerDependencies": {
        "@melloware/coloris": "^0.19.1",
        "apexcharts": "^3.40.0",
        "autosize": "^6.0.1",
        "choices.js": "^10.2.0",
        "countup.js": "^2.6.2",
        "dropzone": "^6.0.0-beta.2",
        "flatpickr": "^4.6.13",
        "fslightbox": "^3.4.1",
        "imask": "^6.6.1",
        "jsvectormap": "^1.5.3",
        "list.js": "^2.3.1",
        "litepicker": "^2.0.12",
        "nouislider": "^15.7.0",
        "plyr": "^3.7.8",
        "star-rating.js": "^4.3.0",
        "tinymce": "^6.4.2 || ^7.0.0",
        "tom-select": "^2.2.2"
      },
      "peerDependenciesMeta": {
        "@melloware/coloris": {
          "optional": true
        },
        "apexcharts": {
          "optional": true
        },
        "autosize": {
          "optional": true
        },
        "choices.js": {
          "optional": true
        },
        "countup.js": {
          "optional": true
        },
        "dropzone": {
          "optional": true
        },
        "flatpickr": {
          "optional": true
        },
        "fslightbox": {
          "optional": true
        },
        "imask": {
          "optional": true
        },
        "jsvectormap": {
          "optional": true
        },
        "list.js": {
          "optional": true
        },
        "litepicker": {
          "optional": true
        },
        "nouislider": {
          "optional": true
        },
        "plyr": {
          "optional": true
        },
        "star-rating.js": {
          "optional": true
        },
        "tinymce": {
          "optional": true
        },
        "tom-select": {
          "optional": true
        }
      }
    },
    "node_modules/@tabler/icons": {
      "version": "3.19.0",
      "resolved": "https://registry.npmjs.org/@tabler/icons/-/icons-3.19.0.tgz",
      "integrity": "sha512-A4WEWqpdbTfnpFEtwXqwAe9qf9sp1yRPvzppqAuwcoF0q5YInqB+JkJtSFToCyBpPVeLxJUxxkapLvt2qQgnag==",
      "license": "MIT",
      "funding": {
        "type": "github",
        "url": "https://github.com/sponsors/codecalm"
      }
    },
    "node_modules/@tabler/icons-webfont": {
      "version": "3.19.0",
      "resolved": "https://registry.npmjs.org/@tabler/icons-webfont/-/icons-webfont-3.19.0.tgz",
      "integrity": "sha512-c3axiLTjFFbR+LCqGD4MkWSguIb3KdFacCrwVoytVEMAgqvg12YeqJ9b6EGbpnoHcvve5ZvN5kGJtBVV7r1SQw==",
      "dependencies": {
        "@tabler/icons": "3.19.0"
      },
      "funding": {
        "type": "github",
        "url": "https://github.com/sponsors/codecalm"
      }
    },
    "node_modules/bootstrap": {
      "version": "5.3.3",
      "resolved": "https://registry.npmjs.org/bootstrap/-/bootstrap-5.3.3.tgz",
      "integrity": "sha512-8HLCdWgyoMguSO9o+aH+iuZ+aht+mzW0u3HIMzVu7Srrpv7EBBxTnrFlSCskwdY1+EOFQSm7uMJhNQHkdPcmjg==",
      "funding": [
        {
          "type": "github",
          "url": "https://github.com/sponsors/twbs"
        },
        {
          "type": "opencollective",
          "url": "https://opencollective.com/bootstrap"
        }
      ],
      "license": "MIT",
      "peerDependencies": {
        "@popperjs/core": "^2.11.8"
      }
    }
  }
}
